
Microsoft Visual Studio Solution File, Format Version 12.00
# Visual Studio Version 17
VisualStudioVersion = 17.0.31903.59
MinimumVisualStudioVersion = 10.0.40219.1
Project("{FAE04EC0-301F-11D3-BF4B-00C04F79EFBC}") = "UnitSportSwitzerland", "UnitSportSwitzerland.csproj", "{952570AC-234C-47C9-BE78-C5845D095429}"
EndProject
Project("{2150E333-8FDC-42A3-9474-1A3956D46DE8}") = "tools", "tools", "{07C2787E-EAC7-C090-1BA3-A61EC2A24D84}"
EndProject
Project("{FAE04EC0-301F-11D3-BF4B-00C04F79EFBC}") = "TerrainFormat", "tools\TerrainFormat\TerrainFormat.csproj", "{7E0BCB63-C4B8-4945-B2CA-7BB757939AF4}"
EndProject
Project("{FAE04EC0-301F-11D3-BF4B-00C04F79EFBC}") = "TerrainPreprocessor", "tools\TerrainPreprocessor\TerrainPreprocessor.csproj", "{0212E70E-FA5C-4532-AEE7-E1907B43C0DB}"
EndProject
Global
	GlobalSection(SolutionConfigurationPlatforms) = preSolution
		Debug|Any CPU = Debug|Any CPU
		Debug|x64 = Debug|x64
		Debug|x86 = Debug|x86
		Release|Any CPU = Release|Any CPU
		Release|x64 = Release|x64
		Release|x86 = Release|x86
	EndGlobalSection
	GlobalSection(ProjectConfigurationPlatforms) = postSolution
		{952570AC-234C-47C9-BE78-C5845D095429}.Debug|Any CPU.ActiveCfg = Debug|Any CPU
		{952570AC-234C-47C9-BE78-C5845D095429}.Debug|Any CPU.Build.0 = Debug|Any CPU
		{952570AC-234C-47C9-BE78-C5845D095429}.Debug|x64.ActiveCfg = Debug|Any CPU
		{952570AC-234C-47C9-BE78-C5845D095429}.Debug|x64.Build.0 = Debug|Any CPU
		{952570AC-234C-47C9-BE78-C5845D095429}.Debug|x86.ActiveCfg = Debug|Any CPU
		{952570AC-234C-47C9-BE78-C5845D095429}.Debug|x86.Build.0 = Debug|Any CPU
		{952570AC-234C-47C9-BE78-C5845D095429}.Release|Any CPU.ActiveCfg = Debug|Any CPU
		{952570AC-234C-47C9-BE78-C5845D095429}.Release|Any CPU.Build.0 = Debug|Any CPU
		{952570AC-234C-47C9-BE78-C5845D095429}.Release|x64.ActiveCfg = Debug|Any CPU
		{952570AC-234C-47C9-BE78-C5845D095429}.Release|x64.Build.0 = Debug|Any CPU
		{952570AC-234C-47C9-BE78-C5845D095429}.Release|x86.ActiveCfg = Debug|Any CPU
		{952570AC-234C-47C9-BE78-C5845D095429}.Release|x86.Build.0 = Debug|Any CPU
		{7E0BCB63-C4B8-4945-B2CA-7BB757939AF4}.Debug|Any CPU.ActiveCfg = Debug|Any CPU
		{7E0BCB63-C4B8-4945-B2CA-7BB757939AF4}.Debug|Any CPU.Build.0 = Debug|Any CPU
		{7E0BCB63-C4B8-4945-B2CA-7BB757939AF4}.Debug|x64.ActiveCfg = Debug|Any CPU
		{7E0BCB63-C4B8-4945-B2CA-7BB757939AF4}.Debug|x64.Build.0 = Debug|Any CPU
		{7E0BCB63-C4B8-4945-B2CA-7BB757939AF4}.Debug|x86.ActiveCfg = Debug|Any CPU
		{7E0BCB63-C4B8-4945-B2CA-7BB757939AF4}.Debug|x86.Build.0 = Debug|Any CPU
		{7E0BCB63-C4B8-4945-B2CA-7BB757939AF4}.Release|Any CPU.ActiveCfg = Release|Any CPU
		{7E0BCB63-C4B8-4945-B2CA-7BB757939AF4}.Release|Any CPU.Build.0 = Release|Any CPU
		{7E0BCB63-C4B8-4945-B2CA-7BB757939AF4}.Release|x64.ActiveCfg = Release|Any CPU
		{7E0BCB63-C4B8-4945-B2CA-7BB757939AF4}.Release|x64.Build.0 = Release|Any CPU
		{7E0BCB63-C4B8-4945-B2CA-7BB757939AF4}.Release|x86.ActiveCfg = Release|Any CPU
		{7E0BCB63-C4B8-4945-B2CA-7BB757939AF4}.Release|x86.Build.0 = Release|Any CPU
		{0212E70E-FA5C-4532-AEE7-E1907B43C0DB}.Debug|Any CPU.ActiveCfg = Debug|Any CPU
		{0212E70E-FA5C-4532-AEE7-E1907B43C0DB}.Debug|Any CPU.Build.0 = Debug|Any CPU
		{0212E70E-FA5C-4532-AEE7-E1907B43C0DB}.Debug|x64.ActiveCfg = Debug|Any CPU
		{0212E70E-FA5C-4532-AEE7-E1907B43C0DB}.Debug|x64.Build.0 = Debug|Any CPU
		{0212E70E-FA5C-4532-AEE7-E1907B43C0DB}.Debug|x86.ActiveCfg = Debug|Any CPU
		{0212E70E-FA5C-4532-AEE7-E1907B43C0DB}.Debug|x86.Build.0 = Debug|Any CPU
		{0212E70E-FA5C-4532-AEE7-E1907B43C0DB}.Release|Any CPU.ActiveCfg = Release|Any CPU
		{0212E70E-FA5C-4532-AEE7-E1907B43C0DB}.Release|Any CPU.Build.0 = Release|Any CPU
		{0212E70E-FA5C-4532-AEE7-E1907B43C0DB}.Release|x64.ActiveCfg = Release|Any CPU
		{0212E70E-FA5C-4532-AEE7-E1907B43C0DB}.Release|x64.Build.0 = Release|Any CPU
		{0212E70E-FA5C-4532-AEE7-E1907B43C0DB}.Release|x86.ActiveCfg = Release|Any CPU
		{0212E70E-FA5C-4532-AEE7-E1907B43C0DB}.Release|x86.Build.0 = Release|Any CPU
	EndGlobalSection
	GlobalSection(SolutionProperties) = preSolution
		HideSolutionNode = FALSE
	EndGlobalSection
	GlobalSection(NestedProjects) = preSolution
		{7E0BCB63-C4B8-4945-B2CA-7BB757939AF4} = {07C2787E-EAC7-C090-1BA3-A61EC2A24D84}
		{0212E70E-FA5C-4532-AEE7-E1907B43C0DB} = {07C2787E-EAC7-C090-1BA3-A61EC2A24D84}
	EndGlobalSection
EndGlobal
